# This file is automatically @generated by Cargo.
# It is not intended for manual editing.
version = 3

[[package]]
name = "adler"
version = "1.0.2"
source = "registry+https://github.com/rust-lang/crates.io-index"
checksum = "f26201604c87b1e01bd3d98f8d5d9a8fcbb815e8cedb41ffccbeb4bf593a35fe"

[[package]]
name = "arguments"
version = "0.7.1"
source = "registry+https://github.com/rust-lang/crates.io-index"
checksum = "8d8b6590432235ca848cccae06397e642a4e984b37c546dc1b0dcb056b9dcd23"
dependencies = [
 "options",
]

[[package]]
name = "arrayref"
version = "0.3.6"
source = "registry+https://github.com/rust-lang/crates.io-index"
checksum = "a4c527152e37cf757a3f78aae5a06fbeefdb07ccc535c980a3208ee3060dd544"

[[package]]
name = "arrayvec"
version = "0.7.2"
source = "registry+https://github.com/rust-lang/crates.io-index"
checksum = "8da52d66c7071e2e3fa2a1e5c6d088fec47b593032b254f5e980de8ea54454d6"

[[package]]
name = "atty"
version = "0.2.14"
source = "registry+https://github.com/rust-lang/crates.io-index"
checksum = "d9b39be18770d11421cdb1b9947a45dd3f37e93092cbf377614828a319d5fee8"
dependencies = [
 "hermit-abi",
 "libc",
 "winapi",
]

[[package]]
name = "base64"
version = "0.13.1"
source = "registry+https://github.com/rust-lang/crates.io-index"
checksum = "9e1b586273c5702936fe7b7d6896644d8be71e6314cfe09d3167c95f712589e8"

[[package]]
name = "bitflags"
version = "1.3.2"
source = "registry+https://github.com/rust-lang/crates.io-index"
checksum = "bef38d45163c2f1dde094a7dfd33ccf595c92905c8f8f4fdc18d06fb1037718a"

[[package]]
name = "bytemuck"
version = "1.13.0"
source = "registry+https://github.com/rust-lang/crates.io-index"
checksum = "c041d3eab048880cb0b86b256447da3f18859a163c3b8d8893f4e6368abe6393"

[[package]]
name = "cfg-if"
version = "1.0.0"
source = "registry+https://github.com/rust-lang/crates.io-index"
checksum = "baf1de4339761588bc0619e3cbc0120ee582ebb74b53b4efbf79117bd2da40fd"

[[package]]
name = "colored"
version = "2.0.0"
source = "registry+https://github.com/rust-lang/crates.io-index"
checksum = "b3616f750b84d8f0de8a58bda93e08e2a81ad3f523089b05f1dffecab48c6cbd"
dependencies = [
 "atty",
 "lazy_static",
 "winapi",
]

[[package]]
name = "crc32fast"
version = "1.3.2"
source = "registry+https://github.com/rust-lang/crates.io-index"
checksum = "b540bd8bc810d3885c6ea91e2018302f68baba2129ab3e88f32389ee9370880d"
dependencies = [
 "cfg-if",
]

[[package]]
name = "data-url"
version = "0.2.0"
source = "registry+https://github.com/rust-lang/crates.io-index"
checksum = "8d7439c3735f405729d52c3fbbe4de140eaf938a1fe47d227c27f8254d4302a5"

[[package]]
name = "flate2"
version = "1.0.25"
source = "registry+https://github.com/rust-lang/crates.io-index"
checksum = "a8a2db397cb1c8772f31494cb8917e48cd1e64f0fa7efac59fbd741a0a8ce841"
dependencies = [
 "crc32fast",
 "miniz_oxide",
]

[[package]]
name = "float-cmp"
version = "0.9.0"
source = "registry+https://github.com/rust-lang/crates.io-index"
checksum = "98de4bbd547a563b716d8dfa9aad1cb19bfab00f4fa09a6a4ed21dbcf44ce9c4"

[[package]]
name = "folder"
version = "0.1.0"
source = "registry+https://github.com/rust-lang/crates.io-index"
checksum = "f86bd4e59e5f52872dbc7c51a9ac8813f13c179716c863e2fa96ffa16b047df1"
dependencies = [
 "walkdir",
]

[[package]]
name = "font"
version = "0.10.10"
dependencies = [
 "opentype 0.24.9 (registry+https://github.com/rust-lang/crates.io-index)",
 "postscript 0.17.3 (registry+https://github.com/rust-lang/crates.io-index)",
 "truetype 0.41.1 (registry+https://github.com/rust-lang/crates.io-index)",
 "typeface 0.2.7 (registry+https://github.com/rust-lang/crates.io-index)",
]

[[package]]
name = "font"
version = "0.10.10"
source = "registry+https://github.com/rust-lang/crates.io-index"
checksum = "0a0877b5cc863d9cc022b25a8741932e0151a0aeac1d86789a2b8390925ae09e"
dependencies = [
 "opentype 0.24.9 (registry+https://github.com/rust-lang/crates.io-index)",
 "postscript 0.17.3 (registry+https://github.com/rust-lang/crates.io-index)",
 "truetype 0.41.1 (registry+https://github.com/rust-lang/crates.io-index)",
 "typeface 0.2.7 (registry+https://github.com/rust-lang/crates.io-index)",
]

[[package]]
name = "founder"
version = "0.7.0"
dependencies = [
 "arguments",
 "colored",
 "folder",
 "font 0.10.10 (registry+https://github.com/rust-lang/crates.io-index)",
 "resvg",
 "svg",
]

[[package]]
name = "hermit-abi"
version = "0.1.19"
source = "registry+https://github.com/rust-lang/crates.io-index"
checksum = "62b467343b94ba476dcb2500d242dadbb39557df889310ac77c5d99100aaac33"
dependencies = [
 "libc",
]

[[package]]
name = "imagesize"
version = "0.10.1"
source = "registry+https://github.com/rust-lang/crates.io-index"
checksum = "df19da1e92fbfec043ca97d622955381b1f3ee72a180ec999912df31b1ccd951"

[[package]]
name = "kurbo"
version = "0.8.3"
source = "registry+https://github.com/rust-lang/crates.io-index"
checksum = "7a53776d271cfb873b17c618af0298445c88afc52837f3e948fa3fafd131f449"
dependencies = [
 "arrayvec",
]

[[package]]
name = "lazy_static"
version = "1.4.0"
source = "registry+https://github.com/rust-lang/crates.io-index"
checksum = "e2abad23fbc42b3700f2f279844dc832adb2b2eb069b2df918f455c4e18cc646"

[[package]]
name = "libc"
version = "0.2.139"
source = "registry+https://github.com/rust-lang/crates.io-index"
checksum = "201de327520df007757c1f0adce6e827fe8562fbc28bfd9c15571c66ca1f5f79"

[[package]]
name = "log"
version = "0.4.17"
source = "registry+https://github.com/rust-lang/crates.io-index"
checksum = "abb12e687cfb44aa40f41fc3978ef76448f9b6038cad6aef4259d3c095a2382e"
dependencies = [
 "cfg-if",
]

[[package]]
name = "miniz_oxide"
version = "0.6.2"
source = "registry+https://github.com/rust-lang/crates.io-index"
checksum = "b275950c28b37e794e8c55d88aeb5e139d0ce23fdbbeda68f8d7174abdf9e8fa"
dependencies = [
 "adler",
]

[[package]]
name = "opentype"
version = "0.24.9"
dependencies = [
 "postscript 0.17.3 (registry+https://github.com/rust-lang/crates.io-index)",
 "truetype 0.41.1 (registry+https://github.com/rust-lang/crates.io-index)",
 "typeface 0.2.7 (registry+https://github.com/rust-lang/crates.io-index)",
]

[[package]]
name = "opentype"
version = "0.24.9"
source = "registry+https://github.com/rust-lang/crates.io-index"
checksum = "36fb4e69ca77c866719620af84aaa62b74e788f5e5df31b1aad7e6a705b97e4e"
dependencies = [
 "postscript 0.17.3 (registry+https://github.com/rust-lang/crates.io-index)",
 "truetype 0.41.1 (registry+https://github.com/rust-lang/crates.io-index)",
 "typeface 0.2.7 (registry+https://github.com/rust-lang/crates.io-index)",
]

[[package]]
name = "options"
version = "0.5.2"
source = "registry+https://github.com/rust-lang/crates.io-index"
checksum = "61a1c9b12c453182754f3126c5689324c7214265de2df79917b59de87547a916"

[[package]]
name = "pico-args"
version = "0.5.0"
source = "registry+https://github.com/rust-lang/crates.io-index"
checksum = "5be167a7af36ee22fe3115051bc51f6e6c7054c9348e28deb4f49bd6f705a315"

[[package]]
name = "png"
version = "0.17.7"
source = "registry+https://github.com/rust-lang/crates.io-index"
checksum = "5d708eaf860a19b19ce538740d2b4bdeeb8337fa53f7738455e706623ad5c638"
dependencies = [
 "bitflags",
 "crc32fast",
 "flate2",
 "miniz_oxide",
]

[[package]]
name = "postscript"
version = "0.17.3"
dependencies = [
 "random",
 "typeface 0.2.7 (registry+https://github.com/rust-lang/crates.io-index)",
]

[[package]]
name = "postscript"
version = "0.17.3"
source = "registry+https://github.com/rust-lang/crates.io-index"
checksum = "67eb2e5785f269312631cd17b25b3031f8327fa11d31890ffabf2dfa3e67cbf8"
dependencies = [
 "typeface 0.2.7 (registry+https://github.com/rust-lang/crates.io-index)",
]

[[package]]
name = "random"
version = "0.12.2"
source = "registry+https://github.com/rust-lang/crates.io-index"
checksum = "97d13a3485349981c90c79112a11222c3e6e75de1d52b87a7525b3bf5361420f"

[[package]]
name = "rctree"
version = "0.5.0"
source = "registry+https://github.com/rust-lang/crates.io-index"
checksum = "3b42e27ef78c35d3998403c1d26f3efd9e135d3e5121b0a4845cc5cc27547f4f"

[[package]]
name = "resvg"
version = "0.28.0"
source = "registry+https://github.com/rust-lang/crates.io-index"
checksum = "c115863f2d3621999cf187e318bc92b16402dfeff6a48c74df700d77381394c1"
dependencies = [
 "log",
 "pico-args",
 "rgb",
 "svgtypes",
 "tiny-skia",
 "usvg",
]

[[package]]
name = "rgb"
version = "0.8.35"
source = "registry+https://github.com/rust-lang/crates.io-index"
checksum = "7495acf66551cdb696b7711408144bcd3194fc78e32f3a09e809bfe7dd4a7ce3"
dependencies = [
 "bytemuck",
]

[[package]]
name = "roxmltree"
version = "0.15.1"
source = "registry+https://github.com/rust-lang/crates.io-index"
checksum = "6b9de9831a129b122e7e61f242db509fa9d0838008bf0b29bb0624669edfe48a"
dependencies = [
 "xmlparser",
]

[[package]]
name = "same-file"
version = "1.0.6"
source = "registry+https://github.com/rust-lang/crates.io-index"
checksum = "93fc1dc3aaa9bfed95e02e6eadabb4baf7e3078b0bd1b4d7b6b0b68378900502"
dependencies = [
 "winapi-util",
]

[[package]]
name = "simplecss"
version = "0.2.1"
source = "registry+https://github.com/rust-lang/crates.io-index"
checksum = "a11be7c62927d9427e9f40f3444d5499d868648e2edbc4e2116de69e7ec0e89d"
dependencies = [
 "log",
]

[[package]]
name = "siphasher"
version = "0.3.10"
source = "registry+https://github.com/rust-lang/crates.io-index"
checksum = "7bd3e3206899af3f8b12af284fafc038cc1dc2b41d1b89dd17297221c5d225de"

[[package]]
name = "strict-num"
version = "0.1.0"
source = "registry+https://github.com/rust-lang/crates.io-index"
checksum = "9df65f20698aeed245efdde3628a6b559ea1239bbb871af1b6e3b58c413b2bd1"
dependencies = [
 "float-cmp",
]

[[package]]
name = "svg"
version = "0.9.3"
source = "registry+https://github.com/rust-lang/crates.io-index"
checksum = "a1206d132b55a9c93e12b7e6f9044a27b563a8dea3a39d9bc1764d613a7dd3fa"

[[package]]
name = "svgtypes"
version = "0.8.2"
source = "registry+https://github.com/rust-lang/crates.io-index"
checksum = "22975e8a2bac6a76bb54f898a6b18764633b00e780330f0b689f65afb3975564"
dependencies = [
 "siphasher",
]

[[package]]
name = "tiny-skia"
version = "0.8.3"
source = "registry+https://github.com/rust-lang/crates.io-index"
checksum = "bfef3412c6975196fdfac41ef232f910be2bb37b9dd3313a49a1a6bc815a5bdb"
dependencies = [
 "arrayref",
 "arrayvec",
 "bytemuck",
 "cfg-if",
 "png",
 "tiny-skia-path",
]

[[package]]
name = "tiny-skia-path"
version = "0.8.3"
source = "registry+https://github.com/rust-lang/crates.io-index"
checksum = "a4b5edac058fc98f51c935daea4d805b695b38e2f151241cad125ade2a2ac20d"
dependencies = [
 "arrayref",
 "bytemuck",
 "strict-num",
]

[[package]]
name = "truetype"
version = "0.41.1"
dependencies = [
 "typeface 0.2.7 (registry+https://github.com/rust-lang/crates.io-index)",
]

[[package]]
name = "truetype"
version = "0.41.1"
source = "registry+https://github.com/rust-lang/crates.io-index"
checksum = "18e49aa4a0690a3b081753046463d37ec4b968df9ab2f3a8e343c93cce63a7a9"
dependencies = [
 "typeface 0.2.7 (registry+https://github.com/rust-lang/crates.io-index)",
]

[[package]]
name = "typeface"
version = "0.2.7"

[[package]]
name = "typeface"
version = "0.2.7"
source = "registry+https://github.com/rust-lang/crates.io-index"
checksum = "bf610e8cc23b65075cc984c5b3dd40ea77849189f395b2604e059c00558b719b"

[[package]]
name = "usvg"
version = "0.28.0"
source = "registry+https://github.com/rust-lang/crates.io-index"
checksum = "8b5b7c2b30845b3348c067ca3d09e20cc6e327c288f0ca4c48698712abf432e9"
dependencies = [
 "base64",
 "data-url",
 "flate2",
 "imagesize",
 "kurbo",
 "log",
 "rctree",
 "roxmltree",
 "simplecss",
 "siphasher",
 "strict-num",
 "svgtypes",
]

[[package]]
name = "walkdir"
version = "2.3.2"
source = "registry+https://github.com/rust-lang/crates.io-index"
checksum = "808cf2735cd4b6866113f648b791c6adc5714537bc222d9347bb203386ffda56"
dependencies = [
 "same-file",
 "winapi",
 "winapi-util",
]

[[package]]
name = "winapi"
version = "0.3.9"
source = "registry+https://github.com/rust-lang/crates.io-index"
checksum = "5c839a674fcd7a98952e593242ea400abe93992746761e38641405d28b00f419"
dependencies = [
 "winapi-i686-pc-windows-gnu",
 "winapi-x86_64-pc-windows-gnu",
]

[[package]]
name = "winapi-i686-pc-windows-gnu"
version = "0.4.0"
source = "registry+https://github.com/rust-lang/crates.io-index"
checksum = "ac3b87c63620426dd9b991e5ce0329eff545bccbbb34f3be09ff6fb6ab51b7b6"

[[package]]
name = "winapi-util"
version = "0.1.5"
source = "registry+https://github.com/rust-lang/crates.io-index"
checksum = "70ec6ce85bb158151cae5e5c87f95a8e97d2c0c4b001223f33a334e3ce5de178"
dependencies = [
 "winapi",
]

[[package]]
name = "winapi-x86_64-pc-windows-gnu"
version = "0.4.0"
source = "registry+https://github.com/rust-lang/crates.io-index"
checksum = "712e227841d057c1ee1cd2fb22fa7e5a5461ae8e48fa2ca79ec42cfc1931183f"

[[package]]
name = "xmlparser"
version = "0.13.5"
source = "registry+https://github.com/rust-lang/crates.io-index"
checksum = "4d25c75bf9ea12c4040a97f829154768bbbce366287e2dc044af160cd79a13fd"
